// !$*UTF8*$!
{
	archiveVersion = 1;
	classes = {
	};
	objectVersion = 56;
	objects = {

/* Begin PBXBuildFile section */
		6171DA782A0E6A5600D7CC92 /* ObterRelatoriosService.swift in Sources */ = {isa = PBXBuildFile; fileRef = 6171DA772A0E6A5600D7CC92 /* ObterRelatoriosService.swift */; };
		6171DA7C2A0EB97100D7CC92 /* ExibirRelatoriosService.swift in Sources */ = {isa = PBXBuildFile; fileRef = 6171DA7B2A0EB97100D7CC92 /* ExibirRelatoriosService.swift */; };
		617911122A0EC8CB00EC089C /* HomemDeFerro.swift in Sources */ = {isa = PBXBuildFile; fileRef = 617911112A0EC8CB00EC089C /* HomemDeFerro.swift */; };
		61E3E7382A0ED04D009B8AE3 /* Peixe.swift in Sources */ = {isa = PBXBuildFile; fileRef = 61E3E7372A0ED04D009B8AE3 /* Peixe.swift */; };
		61E3E73A2A0ED09C009B8AE3 /* Aquaman.swift in Sources */ = {isa = PBXBuildFile; fileRef = 61E3E7392A0ED09C009B8AE3 /* Aquaman.swift */; };
		61FEC4492A0E68660033C8B3 /* main.swift in Sources */ = {isa = PBXBuildFile; fileRef = 61FEC4482A0E68660033C8B3 /* main.swift */; };
		61FEC4512A0E68970033C8B3 /* Heroi.swift in Sources */ = {isa = PBXBuildFile; fileRef = 61FEC4502A0E68970033C8B3 /* Heroi.swift */; };
		61FEC4532A0E68EC0033C8B3 /* CapitaoAmerica.swift in Sources */ = {isa = PBXBuildFile; fileRef = 61FEC4522A0E68EC0033C8B3 /* CapitaoAmerica.swift */; };
		61FEC4552A0E698A0033C8B3 /* Hulk.swift in Sources */ = {isa = PBXBuildFile; fileRef = 61FEC4542A0E698A0033C8B3 /* Hulk.swift */; };
/* End PBXBuildFile section */

/* Begin PBXCopyFilesBuildPhase section */
		61FEC4432A0E68660033C8B3 /* CopyFiles */ = {
			isa = PBXCopyFilesBuildPhase;
			buildActionMask = 2147483647;
			dstPath = /usr/share/man/man1/;
			dstSubfolderSpec = 0;
			files = (
			);
			runOnlyForDeploymentPostprocessing = 1;
		};
/* End PBXCopyFilesBuildPhase section */

/* Begin PBXFileReference section */
		6171DA772A0E6A5600D7CC92 /* ObterRelatoriosService.swift */ = {isa = PBXFileReference; lastKnownFileType = sourcecode.swift; path = ObterRelatoriosService.swift; sourceTree = "<group>"; };
		6171DA7B2A0EB97100D7CC92 /* ExibirRelatoriosService.swift */ = {isa = PBXFileReference; lastKnownFileType = sourcecode.swift; path = ExibirRelatoriosService.swift; sourceTree = "<group>"; };
		617911112A0EC8CB00EC089C /* HomemDeFerro.swift */ = {isa = PBXFileReference; lastKnownFileType = sourcecode.swift; path = HomemDeFerro.swift; sourceTree = "<group>"; };
		61E3E7372A0ED04D009B8AE3 /* Peixe.swift */ = {isa = PBXFileReference; lastKnownFileType = sourcecode.swift; path = Peixe.swift; sourceTree = "<group>"; };
		61E3E7392A0ED09C009B8AE3 /* Aquaman.swift */ = {isa = PBXFileReference; lastKnownFileType = sourcecode.swift; path = Aquaman.swift; sourceTree = "<group>"; };
		61FEC4452A0E68660033C8B3 /* SOLID */ = {isa = PBXFileReference; explicitFileType = "compiled.mach-o.executable"; includeInIndex = 0; path = SOLID; sourceTree = BUILT_PRODUCTS_DIR; };
		61FEC4482A0E68660033C8B3 /* main.swift */ = {isa = PBXFileReference; lastKnownFileType = sourcecode.swift; path = main.swift; sourceTree = "<group>"; };
		61FEC4502A0E68970033C8B3 /* Heroi.swift */ = {isa = PBXFileReference; lastKnownFileType = sourcecode.swift; path = Heroi.swift; sourceTree = "<group>"; };
		61FEC4522A0E68EC0033C8B3 /* CapitaoAmerica.swift */ = {isa = PBXFileReference; lastKnownFileType = sourcecode.swift; path = CapitaoAmerica.swift; sourceTree = "<group>"; };
		61FEC4542A0E698A0033C8B3 /* Hulk.swift */ = {isa = PBXFileReference; lastKnownFileType = sourcecode.swift; path = Hulk.swift; sourceTree = "<group>"; };
/* End PBXFileReference section */

/* Begin PBXFrameworksBuildPhase section */
		61FEC4422A0E68660033C8B3 /* Frameworks */ = {
			isa = PBXFrameworksBuildPhase;
			buildActionMask = 2147483647;
			files = (
			);
			runOnlyForDeploymentPostprocessing = 0;
		};
/* End PBXFrameworksBuildPhase section */

/* Begin PBXGroup section */
		6171DA762A0E6A4A00D7CC92 /* Services */ = {
			isa = PBXGroup;
			children = (
				6171DA772A0E6A5600D7CC92 /* ObterRelatoriosService.swift */,
				6171DA7B2A0EB97100D7CC92 /* ExibirRelatoriosService.swift */,
			);
			path = Services;
			sourceTree = "<group>";
		};
		61E3E7362A0ED044009B8AE3 /* Animais */ = {
			isa = PBXGroup;
			children = (
				61E3E7372A0ED04D009B8AE3 /* Peixe.swift */,
			);
			path = Animais;
			sourceTree = "<group>";
		};
		61FEC43C2A0E68660033C8B3 = {
			isa = PBXGroup;
			children = (
				61FEC4472A0E68660033C8B3 /* SOLID */,
				61FEC4462A0E68660033C8B3 /* Products */,
			);
			sourceTree = "<group>";
		};
		61FEC4462A0E68660033C8B3 /* Products */ = {
			isa = PBXGroup;
			children = (
				61FEC4452A0E68660033C8B3 /* SOLID */,
			);
			name = Products;
			sourceTree = "<group>";
		};
		61FEC4472A0E68660033C8B3 /* SOLID */ = {
			isa = PBXGroup;
			children = (
				61E3E7362A0ED044009B8AE3 /* Animais */,
				6171DA762A0E6A4A00D7CC92 /* Services */,
				61FEC44F2A0E687E0033C8B3 /* Herois */,
				61FEC4482A0E68660033C8B3 /* main.swift */,
			);
			path = SOLID;
			sourceTree = "<group>";
		};
		61FEC44F2A0E687E0033C8B3 /* Herois */ = {
			isa = PBXGroup;
			children = (
				61FEC4502A0E68970033C8B3 /* Heroi.swift */,
				61FEC4522A0E68EC0033C8B3 /* CapitaoAmerica.swift */,
				61FEC4542A0E698A0033C8B3 /* Hulk.swift */,
				617911112A0EC8CB00EC089C /* HomemDeFerro.swift */,
				61E3E7392A0ED09C009B8AE3 /* Aquaman.swift */,
			);
			path = Herois;
			sourceTree = "<group>";
		};
/* End PBXGroup section */

/* Begin PBXNativeTarget section */
		61FEC4442A0E68660033C8B3 /* SOLID */ = {
			isa = PBXNativeTarget;
			buildConfigurationList = 61FEC44C2A0E68660033C8B3 /* Build configuration list for PBXNativeTarget "SOLID" */;
			buildPhases = (
				61FEC4412A0E68660033C8B3 /* Sources */,
				61FEC4422A0E68660033C8B3 /* Frameworks */,
				61FEC4432A0E68660033C8B3 /* CopyFiles */,
			);
			buildRules = (
			);
			dependencies = (
			);
			name = SOLID;
			productName = SOLID;
			productReference = 61FEC4452A0E68660033C8B3 /* SOLID */;
			productType = "com.apple.product-type.tool";
		};
/* End PBXNativeTarget section */

/* Begin PBXProject section */
		61FEC43D2A0E68660033C8B3 /* Project object */ = {
			isa = PBXProject;
			attributes = {
				BuildIndependentTargetsInParallel = 1;
				LastSwiftUpdateCheck = 1420;
				LastUpgradeCheck = 1420;
				TargetAttributes = {
					61FEC4442A0E68660033C8B3 = {
						CreatedOnToolsVersion = 14.2;
					};
				};
			};
			buildConfigurationList = 61FEC4402A0E68660033C8B3 /* Build configuration list for PBXProject "SOLID" */;
			compatibilityVersion = "Xcode 14.0";
			developmentRegion = en;
			hasScannedForEncodings = 0;
			knownRegions = (
				en,
				Base,
			);
			mainGroup = 61FEC43C2A0E68660033C8B3;
			productRefGroup = 61FEC4462A0E68660033C8B3 /* Products */;
			projectDirPath = "";
			projectRoot = "";
			targets = (
				61FEC4442A0E68660033C8B3 /* SOLID */,
			);
		};
/* End PBXProject section */

/* Begin PBXSourcesBuildPhase section */
		61FEC4412A0E68660033C8B3 /* Sources */ = {
			isa = PBXSourcesBuildPhase;
			buildActionMask = 2147483647;
			files = (
				61E3E73A2A0ED09C009B8AE3 /* Aquaman.swift in Sources */,
				6171DA7C2A0EB97100D7CC92 /* ExibirRelatoriosService.swift in Sources */,
				61E3E7382A0ED04D009B8AE3 /* Peixe.swift in Sources */,
				61FEC4532A0E68EC0033C8B3 /* CapitaoAmerica.swift in Sources */,
				61FEC4552A0E698A0033C8B3 /* Hulk.swift in Sources */,
				617911122A0EC8CB00EC089C /* HomemDeFerro.swift in Sources */,
				61FEC4492A0E68660033C8B3 /* main.swift in Sources */,
				61FEC4512A0E68970033C8B3 /* Heroi.swift in Sources */,
				6171DA782A0E6A5600D7CC92 /* ObterRelatoriosService.swift in Sources */,
			);
			runOnlyForDeploymentPostprocessing = 0;
		};
/* End PBXSourcesBuildPhase section */

/* Begin XCBuildConfiguration section */
		61FEC44A2A0E68660033C8B3 /* Debug */ = {
			isa = XCBuildConfiguration;
			buildSettings = {
				ALWAYS_SEARCH_USER_PATHS = NO;
				CLANG_ANALYZER_NONNULL = YES;
				CLANG_ANALYZER_NUMBER_OBJECT_CONVERSION = YES_AGGRESSIVE;
				CLANG_CXX_LANGUAGE_STANDARD = "gnu++20";
				CLANG_ENABLE_MODULES = YES;
				CLANG_ENABLE_OBJC_ARC = YES;
				CLANG_ENABLE_OBJC_WEAK = YES;
				CLANG_WARN_BLOCK_CAPTURE_AUTORELEASING = YES;
				CLANG_WARN_BOOL_CONVERSION = YES;
				CLANG_WARN_COMMA = YES;
				CLANG_WARN_CONSTANT_CONVERSION = YES;
				CLANG_WARN_DEPRECATED_OBJC_IMPLEMENTATIONS = YES;
				CLANG_WARN_DIRECT_OBJC_ISA_USAGE = YES_ERROR;
				CLANG_WARN_DOCUMENTATION_COMMENTS = YES;
				CLANG_WARN_EMPTY_BODY = YES;
				CLANG_WARN_ENUM_CONVERSION = YES;
				CLANG_WARN_INFINITE_RECURSION = YES;
				CLANG_WARN_INT_CONVERSION = YES;
				CLANG_WARN_NON_LITERAL_NULL_CONVERSION = YES;
				CLANG_WARN_OBJC_IMPLICIT_RETAIN_SELF = YES;
				CLANG_WARN_OBJC_LITERAL_CONVERSION = YES;
				CLANG_WARN_OBJC_ROOT_CLASS = YES_ERROR;
				CLANG_WARN_QUOTED_INCLUDE_IN_FRAMEWORK_HEADER = YES;
				CLANG_WARN_RANGE_LOOP_ANALYSIS = YES;
				CLANG_WARN_STRICT_PROTOTYPES = YES;
				CLANG_WARN_SUSPICIOUS_MOVE = YES;
				CLANG_WARN_UNGUARDED_AVAILABILITY = YES_AGGRESSIVE;
				CLANG_WARN_UNREACHABLE_CODE = YES;
				CLANG_WARN__DUPLICATE_METHOD_MATCH = YES;
				COPY_PHASE_STRIP = NO;
				DEBUG_INFORMATION_FORMAT = dwarf;
				ENABLE_STRICT_OBJC_MSGSEND = YES;
				ENABLE_TESTABILITY = YES;
				GCC_C_LANGUAGE_STANDARD = gnu11;
				GCC_DYNAMIC_NO_PIC = NO;
				GCC_NO_COMMON_BLOCKS = YES;
				GCC_OPTIMIZATION_LEVEL = 0;
				GCC_PREPROCESSOR_DEFINITIONS = (
					"DEBUG=1",
					"$(inherited)",
				);
				GCC_WARN_64_TO_32_BIT_CONVERSION = YES;
				GCC_WARN_ABOUT_RETURN_TYPE = YES_ERROR;
				GCC_WARN_UNDECLARED_SELECTOR = YES;
				GCC_WARN_UNINITIALIZED_AUTOS = YES_AGGRESSIVE;
				GCC_WARN_UNUSED_FUNCTION = YES;
				GCC_WARN_UNUSED_VARIABLE = YES;
				MACOSX_DEPLOYMENT_TARGET = 12.6;
				MTL_ENABLE_DEBUG_INFO = INCLUDE_SOURCE;
				MTL_FAST_MATH = YES;
				ONLY_ACTIVE_ARCH = YES;
				SDKROOT = macosx;
				SWIFT_ACTIVE_COMPILATION_CONDITIONS = DEBUG;
				SWIFT_OPTIMIZATION_LEVEL = "-Onone";
			};
			name = Debug;
		};
		61FEC44B2A0E68660033C8B3 /* Release */ = {
			isa = XCBuildConfiguration;
			buildSettings = {
				ALWAYS_SEARCH_USER_PATHS = NO;
				CLANG_ANALYZER_NONNULL = YES;
				CLANG_ANALYZER_NUMBER_OBJECT_CONVERSION = YES_AGGRESSIVE;
				CLANG_CXX_LANGUAGE_STANDARD = "gnu++20";
				CLANG_ENABLE_MODULES = YES;
				CLANG_ENABLE_OBJC_ARC = YES;
				CLANG_ENABLE_OBJC_WEAK = YES;
				CLANG_WARN_BLOCK_CAPTURE_AUTORELEASING = YES;
				CLANG_WARN_BOOL_CONVERSION = YES;
				CLANG_WARN_COMMA = YES;
				CLANG_WARN_CONSTANT_CONVERSION = YES;
				CLANG_WARN_DEPRECATED_OBJC_IMPLEMENTATIONS = YES;
				CLANG_WARN_DIRECT_OBJC_ISA_USAGE = YES_ERROR;
				CLANG_WARN_DOCUMENTATION_COMMENTS = YES;
				CLANG_WARN_EMPTY_BODY = YES;
				CLANG_WARN_ENUM_CONVERSION = YES;
				CLANG_WARN_INFINITE_RECURSION = YES;
				CLANG_WARN_INT_CONVERSION = YES;
				CLANG_WARN_NON_LITERAL_NULL_CONVERSION = YES;
				CLANG_WARN_OBJC_IMPLICIT_RETAIN_SELF = YES;
				CLANG_WARN_OBJC_LITERAL_CONVERSION = YES;
				CLANG_WARN_OBJC_ROOT_CLASS = YES_ERROR;
				CLANG_WARN_QUOTED_INCLUDE_IN_FRAMEWORK_HEADER = YES;
				CLANG_WARN_RANGE_LOOP_ANALYSIS = YES;
				CLANG_WARN_STRICT_PROTOTYPES = YES;
				CLANG_WARN_SUSPICIOUS_MOVE = YES;
				CLANG_WARN_UNGUARDED_AVAILABILITY = YES_AGGRESSIVE;
				CLANG_WARN_UNREACHABLE_CODE = YES;
				CLANG_WARN__DUPLICATE_METHOD_MATCH = YES;
				COPY_PHASE_STRIP = NO;
				DEBUG_INFORMATION_FORMAT = "dwarf-with-dsym";
				ENABLE_NS_ASSERTIONS = NO;
				ENABLE_STRICT_OBJC_MSGSEND = YES;
				GCC_C_LANGUAGE_STANDARD = gnu11;
				GCC_NO_COMMON_BLOCKS = YES;
				GCC_WARN_64_TO_32_BIT_CONVERSION = YES;
				GCC_WARN_ABOUT_RETURN_TYPE = YES_ERROR;
				GCC_WARN_UNDECLARED_SELECTOR = YES;
				GCC_WARN_UNINITIALIZED_AUTOS = YES_AGGRESSIVE;
				GCC_WARN_UNUSED_FUNCTION = YES;
				GCC_WARN_UNUSED_VARIABLE = YES;
				MACOSX_DEPLOYMENT_TARGET = 12.6;
				MTL_ENABLE_DEBUG_INFO = NO;
				MTL_FAST_MATH = YES;
				SDKROOT = macosx;
				SWIFT_COMPILATION_MODE = wholemodule;
				SWIFT_OPTIMIZATION_LEVEL = "-O";
			};
			name = Release;
		};
		61FEC44D2A0E68660033C8B3 /* Debug */ = {
			isa = XCBuildConfiguration;
			buildSettings = {
				CODE_SIGN_STYLE = Automatic;
				DEVELOPMENT_TEAM = D8P8RY42GM;
				ENABLE_HARDENED_RUNTIME = YES;
				PRODUCT_NAME = "$(TARGET_NAME)";
				SWIFT_VERSION = 5.0;
			};
			name = Debug;
		};
		61FEC44E2A0E68660033C8B3 /* Release */ = {
			isa = XCBuildConfiguration;
			buildSettings = {
				CODE_SIGN_STYLE = Automatic;
				DEVELOPMENT_TEAM = D8P8RY42GM;
				ENABLE_HARDENED_RUNTIME = YES;
				PRODUCT_NAME = "$(TARGET_NAME)";
				SWIFT_VERSION = 5.0;
			};
			name = Release;
		};
/* End XCBuildConfiguration section */

/* Begin XCConfigurationList section */
		61FEC4402A0E68660033C8B3 /* Build configuration list for PBXProject "SOLID" */ = {
			isa = XCConfigurationList;
			buildConfigurations = (
				61FEC44A2A0E68660033C8B3 /* Debug */,
				61FEC44B2A0E68660033C8B3 /* Release */,
			);
			defaultConfigurationIsVisible = 0;
			defaultConfigurationName = Release;
		};
		61FEC44C2A0E68660033C8B3 /* Build configuration list for PBXNativeTarget "SOLID" */ = {
			isa = XCConfigurationList;
			buildConfigurations = (
				61FEC44D2A0E68660033C8B3 /* Debug */,
				61FEC44E2A0E68660033C8B3 /* Release */,
			);
			defaultConfigurationIsVisible = 0;
			defaultConfigurationName = Release;
		};
/* End XCConfigurationList section */
	};
	rootObject = 61FEC43D2A0E68660033C8B3 /* Project object */;
}
